// !$*UTF8*$!
{
	archiveVersion = 1;
	classes = {
	};
	objectVersion = 48;
	objects = {

/* Begin PBXBuildFile section */
		612F2E4D1FEA64C800CBF628 /* AppDelegate.m in Sources */ = {isa = PBXBuildFile; fileRef = 612F2E4C1FEA64C800CBF628 /* AppDelegate.m */; };
		612F2E501FEA64C900CBF628 /* ViewController.m in Sources */ = {isa = PBXBuildFile; fileRef = 612F2E4F1FEA64C900CBF628 /* ViewController.m */; };
		612F2E531FEA64C900CBF628 /* Main.storyboard in Resources */ = {isa = PBXBuildFile; fileRef = 612F2E511FEA64C900CBF628 /* Main.storyboard */; };
		612F2E551FEA64C900CBF628 /* Assets.xcassets in Resources */ = {isa = PBXBuildFile; fileRef = 612F2E541FEA64C900CBF628 /* Assets.xcassets */; };
		612F2E581FEA64C900CBF628 /* LaunchScreen.storyboard in Resources */ = {isa = PBXBuildFile; fileRef = 612F2E561FEA64C900CBF628 /* LaunchScreen.storyboard */; };
		612F2E5B1FEA64C900CBF628 /* main.m in Sources */ = {isa = PBXBuildFile; fileRef = 612F2E5A1FEA64C900CBF628 /* main.m */; };
/* End PBXBuildFile section */

/* Begin PBXFileReference section */
		612F2E481FEA64C800CBF628 /* 面试题目.app */ = {isa = PBXFileReference; explicitFileType = wrapper.application; includeInIndex = 0; path = "面试题目.app"; sourceTree = BUILT_PRODUCTS_DIR; };
		612F2E4B1FEA64C800CBF628 /* AppDelegate.h */ = {isa = PBXFileReference; lastKnownFileType = sourcecode.c.h; path = AppDelegate.h; sourceTree = "<group>"; };
		612F2E4C1FEA64C800CBF628 /* AppDelegate.m */ = {isa = PBXFileReference; lastKnownFileType = sourcecode.c.objc; path = AppDelegate.m; sourceTree = "<group>"; };
		612F2E4E1FEA64C900CBF628 /* ViewController.h */ = {isa = PBXFileReference; lastKnownFileType = sourcecode.c.h; path = ViewController.h; sourceTree = "<group>"; };
		612F2E4F1FEA64C900CBF628 /* ViewController.m */ = {isa = PBXFileReference; lastKnownFileType = sourcecode.c.objc; path = ViewController.m; sourceTree = "<group>"; };
		612F2E521FEA64C900CBF628 /* Base */ = {isa = PBXFileReference; lastKnownFileType = file.storyboard; name = Base; path = Base.lproj/Main.storyboard; sourceTree = "<group>"; };
		612F2E541FEA64C900CBF628 /* Assets.xcassets */ = {isa = PBXFileReference; lastKnownFileType = folder.assetcatalog; path = Assets.xcassets; sourceTree = "<group>"; };
		612F2E571FEA64C900CBF628 /* Base */ = {isa = PBXFileReference; lastKnownFileType = file.storyboard; name = Base; path = Base.lproj/LaunchScreen.storyboard; sourceTree = "<group>"; };
		612F2E591FEA64C900CBF628 /* Info.plist */ = {isa = PBXFileReference; lastKnownFileType = text.plist.xml; path = Info.plist; sourceTree = "<group>"; };
		612F2E5A1FEA64C900CBF628 /* main.m */ = {isa = PBXFileReference; lastKnownFileType = sourcecode.c.objc; path = main.m; sourceTree = "<group>"; };
/* End PBXFileReference section */

/* Begin PBXFrameworksBuildPhase section */
		612F2E451FEA64C800CBF628 /* Frameworks */ = {
			isa = PBXFrameworksBuildPhase;
			buildActionMask = 2147483647;
			files = (
			);
			runOnlyForDeploymentPostprocessing = 0;
		};
/* End PBXFrameworksBuildPhase section */

/* Begin PBXGroup section */
		612F2E3F1FEA64C800CBF628 = {
			isa = PBXGroup;
			children = (
				612F2E4A1FEA64C800CBF628 /* 面试题目 */,
				612F2E491FEA64C800CBF628 /* Products */,
			);
			sourceTree = "<group>";
		};
		612F2E491FEA64C800CBF628 /* Products */ = {
			isa = PBXGroup;
			children = (
				612F2E481FEA64C800CBF628 /* 面试题目.app */,
			);
			name = Products;
			sourceTree = "<group>";
		};
		612F2E4A1FEA64C800CBF628 /* 面试题目 */ = {
			isa = PBXGroup;
			children = (
				612F2E4B1FEA64C800CBF628 /* AppDelegate.h */,
				612F2E4C1FEA64C800CBF628 /* AppDelegate.m */,
				612F2E4E1FEA64C900CBF628 /* ViewController.h */,
				612F2E4F1FEA64C900CBF628 /* ViewController.m */,
				612F2E511FEA64C900CBF628 /* Main.storyboard */,
				612F2E541FEA64C900CBF628 /* Assets.xcassets */,
				612F2E561FEA64C900CBF628 /* LaunchScreen.storyboard */,
				612F2E591FEA64C900CBF628 /* Info.plist */,
				612F2E5A1FEA64C900CBF628 /* main.m */,
			);
			path = "面试题目";
			sourceTree = "<group>";
		};
/* End PBXGroup section */

/* Begin PBXNativeTarget section */
		612F2E471FEA64C800CBF628 /* 面试题目 */ = {
			isa = PBXNativeTarget;
			buildConfigurationList = 612F2E5E1FEA64C900CBF628 /* Build configuration list for PBXNativeTarget "面试题目" */;
			buildPhases = (
				612F2E441FEA64C800CBF628 /* Sources */,
				612F2E451FEA64C800CBF628 /* Frameworks */,
				612F2E461FEA64C800CBF628 /* Resources */,
			);
			buildRules = (
			);
			dependencies = (
			);
			name = "面试题目";
			productName = "面试题目";
			productReference = 612F2E481FEA64C800CBF628 /* 面试题目.app */;
			productType = "com.apple.product-type.application";
		};
/* End PBXNativeTarget section */

/* Begin PBXProject section */
		612F2E401FEA64C800CBF628 /* Project object */ = {
			isa = PBXProject;
			attributes = {
				LastUpgradeCheck = 0910;
				ORGANIZATIONNAME = Meelive;
				TargetAttributes = {
					612F2E471FEA64C800CBF628 = {
						CreatedOnToolsVersion = 9.1;
						ProvisioningStyle = Automatic;
					};
				};
			};
			buildConfigurationList = 612F2E431FEA64C800CBF628 /* Build configuration list for PBXProject "面试题目" */;
			compatibilityVersion = "Xcode 8.0";
			developmentRegion = en;
			hasScannedForEncodings = 0;
			knownRegions = (
				en,
				Base,
			);
			mainGroup = 612F2E3F1FEA64C800CBF628;
			productRefGroup = 612F2E491FEA64C800CBF628 /* Products */;
			projectDirPath = "";
			projectRoot = "";
			targets = (
				612F2E471FEA64C800CBF628 /* 面试题目 */,
			);
		};
/* End PBXProject section */

/* Begin PBXResourcesBuildPhase section */
		612F2E461FEA64C800CBF628 /* Resources */ = {
			isa = PBXResourcesBuildPhase;
			buildActionMask = 2147483647;
			files = (
				612F2E581FEA64C900CBF628 /* LaunchScreen.storyboard in Resources */,
				612F2E551FEA64C900CBF628 /* Assets.xcassets in Resources */,
				612F2E531FEA64C900CBF628 /* Main.storyboard in Resources */,
			);
			runOnlyForDeploymentPostprocessing = 0;
		};
/* End PBXResourcesBuildPhase section */

/* Begin PBXSourcesBuildPhase section */
		612F2E441FEA64C800CBF628 /* Sources */ = {
			isa = PBXSourcesBuildPhase;
			buildActionMask = 2147483647;
			files = (
				612F2E501FEA64C900CBF628 /* ViewController.m in Sources */,
				612F2E5B1FEA64C900CBF628 /* main.m in Sources */,
				612F2E4D1FEA64C800CBF628 /* AppDelegate.m in Sources */,
			);
			runOnlyForDeploymentPostprocessing = 0;
		};
/* End PBXSourcesBuildPhase section */

/* Begin PBXVariantGroup section */
		612F2E511FEA64C900CBF628 /* Main.storyboard */ = {
			isa = PBXVariantGroup;
			children = (
				612F2E521FEA64C900CBF628 /* Base */,
			);
			name = Main.storyboard;
			sourceTree = "<group>";
		};
		612F2E561FEA64C900CBF628 /* LaunchScreen.storyboard */ = {
			isa = PBXVariantGroup;
			children = (
				612F2E571FEA64C900CBF628 /* Base */,
			);
			name = LaunchScreen.storyboard;
			sourceTree = "<group>";
		};
/* End PBXVariantGroup section */

/* Begin XCBuildConfiguration section */
		612F2E5C1FEA64C900CBF628 /* Debug */ = {
			isa = XCBuildConfiguration;
			buildSettings = {
				ALWAYS_SEARCH_USER_PATHS = NO;
				CLANG_ANALYZER_NONNULL = YES;
				CLANG_ANALYZER_NUMBER_OBJECT_CONVERSION = YES_AGGRESSIVE;
				CLANG_CXX_LANGUAGE_STANDARD = "gnu++14";
				CLANG_CXX_LIBRARY = "libc++";
				CLANG_ENABLE_MODULES = YES;
				CLANG_ENABLE_OBJC_ARC = YES;
				CLANG_WARN_BLOCK_CAPTURE_AUTORELEASING = YES;
				CLANG_WARN_BOOL_CONVERSION = YES;
				CLANG_WARN_COMMA = YES;
				CLANG_WARN_CONSTANT_CONVERSION = YES;
				CLANG_WARN_DIRECT_OBJC_ISA_USAGE = YES_ERROR;
				CLANG_WARN_DOCUMENTATION_COMMENTS = YES;
				CLANG_WARN_EMPTY_BODY = YES;
				CLANG_WARN_ENUM_CONVERSION = YES;
				CLANG_WARN_INFINITE_RECURSION = YES;
				CLANG_WARN_INT_CONVERSION = YES;
				CLANG_WARN_NON_LITERAL_NULL_CONVERSION = YES;
				CLANG_WARN_OBJC_LITERAL_CONVERSION = YES;
				CLANG_WARN_OBJC_ROOT_CLASS = YES_ERROR;
				CLANG_WARN_RANGE_LOOP_ANALYSIS = YES;
				CLANG_WARN_STRICT_PROTOTYPES = YES;
				CLANG_WARN_SUSPICIOUS_MOVE = YES;
				CLANG_WARN_UNGUARDED_AVAILABILITY = YES_AGGRESSIVE;
				CLANG_WARN_UNREACHABLE_CODE = YES;
				CLANG_WARN__DUPLICATE_METHOD_MATCH = YES;
				CODE_SIGN_IDENTITY = "iPhone Developer";
				COPY_PHASE_STRIP = NO;
				DEBUG_INFORMATION_FORMAT = dwarf;
				ENABLE_STRICT_OBJC_MSGSEND = YES;
				ENABLE_TESTABILITY = YES;
				GCC_C_LANGUAGE_STANDARD = gnu11;
				GCC_DYNAMIC_NO_PIC = NO;
				GCC_NO_COMMON_BLOCKS = YES;
				GCC_OPTIMIZATION_LEVEL = 0;
				GCC_PREPROCESSOR_DEFINITIONS = (
					"DEBUG=1",
					"$(inherited)",
				);
				GCC_WARN_64_TO_32_BIT_CONVERSION = YES;
				GCC_WARN_ABOUT_RETURN_TYPE = YES_ERROR;
				GCC_WARN_UNDECLARED_SELECTOR = YES;
				GCC_WARN_UNINITIALIZED_AUTOS = YES_AGGRESSIVE;
				GCC_WARN_UNUSED_FUNCTION = YES;
				GCC_WARN_UNUSED_VARIABLE = YES;
				IPHONEOS_DEPLOYMENT_TARGET = 11.1;
				MTL_ENABLE_DEBUG_INFO = YES;
				ONLY_ACTIVE_ARCH = YES;
				SDKROOT = iphoneos;
			};
			name = Debug;
		};
		612F2E5D1FEA64C900CBF628 /* Release */ = {
			isa = XCBuildConfiguration;
			buildSettings = {
				ALWAYS_SEARCH_USER_PATHS = NO;
				CLANG_ANALYZER_NONNULL = YES;
				CLANG_ANALYZER_NUMBER_OBJECT_CONVERSION = YES_AGGRESSIVE;
				CLANG_CXX_LANGUAGE_STANDARD = "gnu++14";
				CLANG_CXX_LIBRARY = "libc++";
				CLANG_ENABLE_MODULES = YES;
				CLANG_ENABLE_OBJC_ARC = YES;
				CLANG_WARN_BLOCK_CAPTURE_AUTORELEASING = YES;
				CLANG_WARN_BOOL_CONVERSION = YES;
				CLANG_WARN_COMMA = YES;
				CLANG_WARN_CONSTANT_CONVERSION = YES;
				CLANG_WARN_DIRECT_OBJC_ISA_USAGE = YES_ERROR;
				CLANG_WARN_DOCUMENTATION_COMMENTS = YES;
				CLANG_WARN_EMPTY_BODY = YES;
				CLANG_WARN_ENUM_CONVERSION = YES;
				CLANG_WARN_INFINITE_RECURSION = YES;
				CLANG_WARN_INT_CONVERSION = YES;
				CLANG_WARN_NON_LITERAL_NULL_CONVERSION = YES;
				CLANG_WARN_OBJC_LITERAL_CONVERSION = YES;
				CLANG_WARN_OBJC_ROOT_CLASS = YES_ERROR;
				CLANG_WARN_RANGE_LOOP_ANALYSIS = YES;
				CLANG_WARN_STRICT_PROTOTYPES = YES;
				CLANG_WARN_SUSPICIOUS_MOVE = YES;
				CLANG_WARN_UNGUARDED_AVAILABILITY = YES_AGGRESSIVE;
				CLANG_WARN_UNREACHABLE_CODE = YES;
				CLANG_WARN__DUPLICATE_METHOD_MATCH = YES;
				CODE_SIGN_IDENTITY = "iPhone Developer";
				COPY_PHASE_STRIP = NO;
				DEBUG_INFORMATION_FORMAT = "dwarf-with-dsym";
				ENABLE_NS_ASSERTIONS = NO;
				ENABLE_STRICT_OBJC_MSGSEND = YES;
				GCC_C_LANGUAGE_STANDARD = gnu11;
				GCC_NO_COMMON_BLOCKS = YES;
				GCC_WARN_64_TO_32_BIT_CONVERSION = YES;
				GCC_WARN_ABOUT_RETURN_TYPE = YES_ERROR;
				GCC_WARN_UNDECLARED_SELECTOR = YES;
				GCC_WARN_UNINITIALIZED_AUTOS = YES_AGGRESSIVE;
				GCC_WARN_UNUSED_FUNCTION = YES;
				GCC_WARN_UNUSED_VARIABLE = YES;
				IPHONEOS_DEPLOYMENT_TARGET = 11.1;
				MTL_ENABLE_DEBUG_INFO = NO;
				SDKROOT = iphoneos;
				VALIDATE_PRODUCT = YES;
			};
			name = Release;
		};
		612F2E5F1FEA64C900CBF628 /* Debug */ = {
			isa = XCBuildConfiguration;
			buildSettings = {
				ASSETCATALOG_COMPILER_APPICON_NAME = AppIcon;
				CODE_SIGN_STYLE = Automatic;
				DEVELOPMENT_TEAM = 958QKCHZMZ;
				INFOPLIST_FILE = "面试题目/Info.plist";
				LD_RUNPATH_SEARCH_PATHS = "$(inherited) @executable_path/Frameworks";
				PRODUCT_BUNDLE_IDENTIFIER = "www.vaiwan.----";
				PRODUCT_NAME = "$(TARGET_NAME)";
				TARGETED_DEVICE_FAMILY = "1,2";
			};
			name = Debug;
		};
		612F2E601FEA64C900CBF628 /* Release */ = {
			isa = XCBuildConfiguration;
			buildSettings = {
				ASSETCATALOG_COMPILER_APPICON_NAME = AppIcon;
				CODE_SIGN_STYLE = Automatic;
				DEVELOPMENT_TEAM = 958QKCHZMZ;
				INFOPLIST_FILE = "面试题目/Info.plist";
				LD_RUNPATH_SEARCH_PATHS = "$(inherited) @executable_path/Frameworks";
				PRODUCT_BUNDLE_IDENTIFIER = "www.vaiwan.----";
				PRODUCT_NAME = "$(TARGET_NAME)";
				TARGETED_DEVICE_FAMILY = "1,2";
			};
			name = Release;
		};
/* End XCBuildConfiguration section */

/* Begin XCConfigurationList section */
		612F2E431FEA64C800CBF628 /* Build configuration list for PBXProject "面试题目" */ = {
			isa = XCConfigurationList;
			buildConfigurations = (
				612F2E5C1FEA64C900CBF628 /* Debug */,
				612F2E5D1FEA64C900CBF628 /* Release */,
			);
			defaultConfigurationIsVisible = 0;
			defaultConfigurationName = Release;
		};
		612F2E5E1FEA64C900CBF628 /* Build configuration list for PBXNativeTarget "面试题目" */ = {
			isa = XCConfigurationList;
			buildConfigurations = (
				612F2E5F1FEA64C900CBF628 /* Debug */,
				612F2E601FEA64C900CBF628 /* Release */,
			);
			defaultConfigurationIsVisible = 0;
			defaultConfigurationName = Release;
		};
/* End XCConfigurationList section */
	};
	rootObject = 612F2E401FEA64C800CBF628 /* Project object */;
}
